
Microsoft Visual Studio Solution File, Format Version 12.00
# Visual Studio Version 17
VisualStudioVersion = 17.4.33103.184
MinimumVisualStudioVersion = 10.0.40219.1
Project("{9A19103F-16F7-4668-BE54-9A1E7A4F7556}") = "Discord_Bot_SmurW", "Discord_Bot_SmurW\Discord_Bot_SmurW.csproj", "{4F584337-9216-4F1C-81B9-A67454905C0C}"
EndProject
Project("{9A19103F-16F7-4668-BE54-9A1E7A4F7556}") = "Discord_Bot_Tests", "Discord_Bot_Tests\Discord_Bot_Tests.csproj", "{4907D0FC-2705-472A-86F1-CBB6CB74EC36}"
EndProject
Project("{FAE04EC0-301F-11D3-BF4B-00C04F79EFBC}") = "ViewDiscordBot", "ViewDiscordBot\ViewDiscordBot.csproj", "{89443051-A263-449F-8D19-9A1E113A892A}"
EndProject
Global
	GlobalSection(SolutionConfigurationPlatforms) = preSolution
		Debug|Any CPU = Debug|Any CPU
		Release|Any CPU = Release|Any CPU
	EndGlobalSection
	GlobalSection(ProjectConfigurationPlatforms) = postSolution
		{4F584337-9216-4F1C-81B9-A67454905C0C}.Debug|Any CPU.ActiveCfg = Debug|Any CPU
		{4F584337-9216-4F1C-81B9-A67454905C0C}.Debug|Any CPU.Build.0 = Debug|Any CPU
		{4F584337-9216-4F1C-81B9-A67454905C0C}.Release|Any CPU.ActiveCfg = Release|Any CPU
		{4F584337-9216-4F1C-81B9-A67454905C0C}.Release|Any CPU.Build.0 = Release|Any CPU
		{4907D0FC-2705-472A-86F1-CBB6CB74EC36}.Debug|Any CPU.ActiveCfg = Debug|Any CPU
		{4907D0FC-2705-472A-86F1-CBB6CB74EC36}.Debug|Any CPU.Build.0 = Debug|Any CPU
		{4907D0FC-2705-472A-86F1-CBB6CB74EC36}.Release|Any CPU.ActiveCfg = Release|Any CPU
		{4907D0FC-2705-472A-86F1-CBB6CB74EC36}.Release|Any CPU.Build.0 = Release|Any CPU
		{89443051-A263-449F-8D19-9A1E113A892A}.Debug|Any CPU.ActiveCfg = Debug|Any CPU
		{89443051-A263-449F-8D19-9A1E113A892A}.Debug|Any CPU.Build.0 = Debug|Any CPU
		{89443051-A263-449F-8D19-9A1E113A892A}.Release|Any CPU.ActiveCfg = Release|Any CPU
		{89443051-A263-449F-8D19-9A1E113A892A}.Release|Any CPU.Build.0 = Release|Any CPU
	EndGlobalSection
	GlobalSection(SolutionProperties) = preSolution
		HideSolutionNode = FALSE
	EndGlobalSection
	GlobalSection(ExtensibilityGlobals) = postSolution
		SolutionGuid = {5EC2446D-45D5-4CD8-8BBE-10AECBEB5A38}
	EndGlobalSection
EndGlobal
